
Microsoft Visual Studio Solution File, Format Version 12.00
# Visual Studio 14
VisualStudioVersion = 14.0.24720.0
MinimumVisualStudioVersion = 10.0.40219.1
Project("{8BC9CEB8-8B4A-11D0-8D11-00A0C91BC942}") = "字符串排序", "字符串排序\字符串排序.vcxproj", "{33EA1A74-AA1D-462D-B66A-A050D3EE16FC}"
EndProject
Project("{8BC9CEB8-8B4A-11D0-8D11-00A0C91BC942}") = "尼科彻斯定理", "尼科彻斯定理\尼科彻斯定理.vcxproj", "{906AE188-8A0A-48AC-8A38-7DB380DCF083}"
EndProject
Project("{8BC9CEB8-8B4A-11D0-8D11-00A0C91BC942}") = "字符串统计", "字符串统计\字符串统计.vcxproj", "{B4F7BAE1-56F4-4414-9A21-863F2D3ACFDE}"
EndProject
Project("{8BC9CEB8-8B4A-11D0-8D11-00A0C91BC942}") = "字符串最后一个单词的长度", "字符串最后一个单词的长度\字符串最后一个单词的长度.vcxproj", "{DE66825E-4AFE-4473-988C-618F50E28606}"
EndProject
Global
	GlobalSection(SolutionConfigurationPlatforms) = preSolution
		Debug|x64 = Debug|x64
		Debug|x86 = Debug|x86
		Release|x64 = Release|x64
		Release|x86 = Release|x86
	EndGlobalSection
	GlobalSection(ProjectConfigurationPlatforms) = postSolution
		{33EA1A74-AA1D-462D-B66A-A050D3EE16FC}.Debug|x64.ActiveCfg = Debug|x64
		{33EA1A74-AA1D-462D-B66A-A050D3EE16FC}.Debug|x64.Build.0 = Debug|x64
		{33EA1A74-AA1D-462D-B66A-A050D3EE16FC}.Debug|x86.ActiveCfg = Debug|Win32
		{33EA1A74-AA1D-462D-B66A-A050D3EE16FC}.Debug|x86.Build.0 = Debug|Win32
		{33EA1A74-AA1D-462D-B66A-A050D3EE16FC}.Release|x64.ActiveCfg = Release|x64
		{33EA1A74-AA1D-462D-B66A-A050D3EE16FC}.Release|x64.Build.0 = Release|x64
		{33EA1A74-AA1D-462D-B66A-A050D3EE16FC}.Release|x86.ActiveCfg = Release|Win32
		{33EA1A74-AA1D-462D-B66A-A050D3EE16FC}.Release|x86.Build.0 = Release|Win32
		{906AE188-8A0A-48AC-8A38-7DB380DCF083}.Debug|x64.ActiveCfg = Debug|x64
		{906AE188-8A0A-48AC-8A38-7DB380DCF083}.Debug|x64.Build.0 = Debug|x64
		{906AE188-8A0A-48AC-8A38-7DB380DCF083}.Debug|x86.ActiveCfg = Debug|Win32
		{906AE188-8A0A-48AC-8A38-7DB380DCF083}.Debug|x86.Build.0 = Debug|Win32
		{906AE188-8A0A-48AC-8A38-7DB380DCF083}.Release|x64.ActiveCfg = Release|x64
		{906AE188-8A0A-48AC-8A38-7DB380DCF083}.Release|x64.Build.0 = Release|x64
		{906AE188-8A0A-48AC-8A38-7DB380DCF083}.Release|x86.ActiveCfg = Release|Win32
		{906AE188-8A0A-48AC-8A38-7DB380DCF083}.Release|x86.Build.0 = Release|Win32
		{B4F7BAE1-56F4-4414-9A21-863F2D3ACFDE}.Debug|x64.ActiveCfg = Debug|x64
		{B4F7BAE1-56F4-4414-9A21-863F2D3ACFDE}.Debug|x64.Build.0 = Debug|x64
		{B4F7BAE1-56F4-4414-9A21-863F2D3ACFDE}.Debug|x86.ActiveCfg = Debug|Win32
		{B4F7BAE1-56F4-4414-9A21-863F2D3ACFDE}.Debug|x86.Build.0 = Debug|Win32
		{B4F7BAE1-56F4-4414-9A21-863F2D3ACFDE}.Release|x64.ActiveCfg = Release|x64
		{B4F7BAE1-56F4-4414-9A21-863F2D3ACFDE}.Release|x64.Build.0 = Release|x64
		{B4F7BAE1-56F4-4414-9A21-863F2D3ACFDE}.Release|x86.ActiveCfg = Release|Win32
		{B4F7BAE1-56F4-4414-9A21-863F2D3ACFDE}.Release|x86.Build.0 = Release|Win32
		{DE66825E-4AFE-4473-988C-618F50E28606}.Debug|x64.ActiveCfg = Debug|x64
		{DE66825E-4AFE-4473-988C-618F50E28606}.Debug|x64.Build.0 = Debug|x64
		{DE66825E-4AFE-4473-988C-618F50E28606}.Debug|x86.ActiveCfg = Debug|Win32
		{DE66825E-4AFE-4473-988C-618F50E28606}.Debug|x86.Build.0 = Debug|Win32
		{DE66825E-4AFE-4473-988C-618F50E28606}.Release|x64.ActiveCfg = Release|x64
		{DE66825E-4AFE-4473-988C-618F50E28606}.Release|x64.Build.0 = Release|x64
		{DE66825E-4AFE-4473-988C-618F50E28606}.Release|x86.ActiveCfg = Release|Win32
		{DE66825E-4AFE-4473-988C-618F50E28606}.Release|x86.Build.0 = Release|Win32
	EndGlobalSection
	GlobalSection(SolutionProperties) = preSolution
		HideSolutionNode = FALSE
	EndGlobalSection
EndGlobal
